// !$*UTF8*$!
{
	archiveVersion = 1;
	classes = {
	};
	objectVersion = 56;
	objects = {

/* Begin PBXBuildFile section */
		90368B062BE96D7D00BFF0B6 /* MovieDetailViewController.swift in Sources */ = {isa = PBXBuildFile; fileRef = 90368B042BE96D7D00BFF0B6 /* MovieDetailViewController.swift */; };
		90368B072BE96D7D00BFF0B6 /* MovieDetailViewController.xib in Resources */ = {isa = PBXBuildFile; fileRef = 90368B052BE96D7D00BFF0B6 /* MovieDetailViewController.xib */; };
		9049C1D52C80857E0002E86E /* FavouriteScreenViewController.swift in Sources */ = {isa = PBXBuildFile; fileRef = 9049C1D32C80857E0002E86E /* FavouriteScreenViewController.swift */; };
		9049C1D62C80857E0002E86E /* FavouriteScreenViewController.xib in Resources */ = {isa = PBXBuildFile; fileRef = 9049C1D42C80857E0002E86E /* FavouriteScreenViewController.xib */; };
		9049C2042C8765450002E86E /* CoreDataHelper.swift in Sources */ = {isa = PBXBuildFile; fileRef = 9049C2032C8765450002E86E /* CoreDataHelper.swift */; };
		9049C2072C933E860002E86E /* MovieModel.xcdatamodeld in Sources */ = {isa = PBXBuildFile; fileRef = 9049C2052C933E860002E86E /* MovieModel.xcdatamodeld */; };
		9049C20D2C9882380002E86E /* NotificationCell.swift in Sources */ = {isa = PBXBuildFile; fileRef = 9049C20C2C9882380002E86E /* NotificationCell.swift */; };
		9049C2112C9883140002E86E /* NotificationCell.xib in Resources */ = {isa = PBXBuildFile; fileRef = 9049C2102C9883140002E86E /* NotificationCell.xib */; };
		905711F12C0E487C008730F5 /* Constants.swift in Sources */ = {isa = PBXBuildFile; fileRef = 905711F02C0E487C008730F5 /* Constants.swift */; };
		905711F42C0E4965008730F5 /* UIViewController+Extension.swift in Sources */ = {isa = PBXBuildFile; fileRef = 905711F32C0E4965008730F5 /* UIViewController+Extension.swift */; };
		906D78B02BEA5B91002F9969 /* MovieCell.swift in Sources */ = {isa = PBXBuildFile; fileRef = 906D78AE2BEA5B91002F9969 /* MovieCell.swift */; };
		906D78B12BEA5B91002F9969 /* MovieCell.xib in Resources */ = {isa = PBXBuildFile; fileRef = 906D78AF2BEA5B91002F9969 /* MovieCell.xib */; };
		908CFF7B2B50808B00661C96 /* SplashScreenViewController.swift in Sources */ = {isa = PBXBuildFile; fileRef = 908CFF792B50808B00661C96 /* SplashScreenViewController.swift */; };
		908CFF7C2B50808B00661C96 /* SplashScreenViewController.xib in Resources */ = {isa = PBXBuildFile; fileRef = 908CFF7A2B50808B00661C96 /* SplashScreenViewController.xib */; };
		908CFF7F2B50C2FD00661C96 /* HomeScreenViewController.swift in Sources */ = {isa = PBXBuildFile; fileRef = 908CFF7D2B50C2FD00661C96 /* HomeScreenViewController.swift */; };
		908CFF802B50C2FD00661C96 /* HomeScreenViewController.xib in Resources */ = {isa = PBXBuildFile; fileRef = 908CFF7E2B50C2FD00661C96 /* HomeScreenViewController.xib */; };
		909BF8E42AFB2BAB00F6927F /* AppDelegate.swift in Sources */ = {isa = PBXBuildFile; fileRef = 909BF8E32AFB2BAB00F6927F /* AppDelegate.swift */; };
		909BF8E62AFB2BAB00F6927F /* SceneDelegate.swift in Sources */ = {isa = PBXBuildFile; fileRef = 909BF8E52AFB2BAB00F6927F /* SceneDelegate.swift */; };
		909BF8EB2AFB2BAB00F6927F /* Main.storyboard in Resources */ = {isa = PBXBuildFile; fileRef = 909BF8E92AFB2BAB00F6927F /* Main.storyboard */; };
		909BF8ED2AFB2BAC00F6927F /* Assets.xcassets in Resources */ = {isa = PBXBuildFile; fileRef = 909BF8EC2AFB2BAC00F6927F /* Assets.xcassets */; };
		909BF8F02AFB2BAC00F6927F /* LaunchScreen.storyboard in Resources */ = {isa = PBXBuildFile; fileRef = 909BF8EE2AFB2BAC00F6927F /* LaunchScreen.storyboard */; };
		90A077B52B54974200EF47B2 /* GoogleService-Info.plist in Resources */ = {isa = PBXBuildFile; fileRef = 908CFF852B50DE7500661C96 /* GoogleService-Info.plist */; };
		90D77B3D2B6015DC004E86F1 /* MovieModel.swift in Sources */ = {isa = PBXBuildFile; fileRef = 90D77B3C2B6015DC004E86F1 /* MovieModel.swift */; };
		B9639E63534D4B0ACEC3119D /* Pods_OGMDB.framework in Frameworks */ = {isa = PBXBuildFile; fileRef = A54907FC5671FE1F87151DF6 /* Pods_OGMDB.framework */; };
/* End PBXBuildFile section */

/* Begin PBXFileReference section */
		4400B2821AFDA76F26EF1FEF /* Pods-OGMDB.release.xcconfig */ = {isa = PBXFileReference; includeInIndex = 1; lastKnownFileType = text.xcconfig; name = "Pods-OGMDB.release.xcconfig"; path = "Target Support Files/Pods-OGMDB/Pods-OGMDB.release.xcconfig"; sourceTree = "<group>"; };
		90368B042BE96D7D00BFF0B6 /* MovieDetailViewController.swift */ = {isa = PBXFileReference; lastKnownFileType = sourcecode.swift; path = MovieDetailViewController.swift; sourceTree = "<group>"; };
		90368B052BE96D7D00BFF0B6 /* MovieDetailViewController.xib */ = {isa = PBXFileReference; lastKnownFileType = file.xib; path = MovieDetailViewController.xib; sourceTree = "<group>"; };
		9049C1D32C80857E0002E86E /* FavouriteScreenViewController.swift */ = {isa = PBXFileReference; lastKnownFileType = sourcecode.swift; path = FavouriteScreenViewController.swift; sourceTree = "<group>"; };
		9049C1D42C80857E0002E86E /* FavouriteScreenViewController.xib */ = {isa = PBXFileReference; lastKnownFileType = file.xib; path = FavouriteScreenViewController.xib; sourceTree = "<group>"; };
		9049C2032C8765450002E86E /* CoreDataHelper.swift */ = {isa = PBXFileReference; lastKnownFileType = sourcecode.swift; path = CoreDataHelper.swift; sourceTree = "<group>"; };
		9049C2062C933E860002E86E /* MovieModel.xcdatamodel */ = {isa = PBXFileReference; lastKnownFileType = wrapper.xcdatamodel; path = MovieModel.xcdatamodel; sourceTree = "<group>"; };
		9049C20C2C9882380002E86E /* NotificationCell.swift */ = {isa = PBXFileReference; lastKnownFileType = sourcecode.swift; path = NotificationCell.swift; sourceTree = "<group>"; };
		9049C2102C9883140002E86E /* NotificationCell.xib */ = {isa = PBXFileReference; lastKnownFileType = file.xib; path = NotificationCell.xib; sourceTree = "<group>"; };
		905711F02C0E487C008730F5 /* Constants.swift */ = {isa = PBXFileReference; lastKnownFileType = sourcecode.swift; path = Constants.swift; sourceTree = "<group>"; };
		905711F32C0E4965008730F5 /* UIViewController+Extension.swift */ = {isa = PBXFileReference; lastKnownFileType = sourcecode.swift; path = "UIViewController+Extension.swift"; sourceTree = "<group>"; };
		906D78AE2BEA5B91002F9969 /* MovieCell.swift */ = {isa = PBXFileReference; lastKnownFileType = sourcecode.swift; path = MovieCell.swift; sourceTree = "<group>"; };
		906D78AF2BEA5B91002F9969 /* MovieCell.xib */ = {isa = PBXFileReference; lastKnownFileType = file.xib; path = MovieCell.xib; sourceTree = "<group>"; };
		908CFF792B50808B00661C96 /* SplashScreenViewController.swift */ = {isa = PBXFileReference; lastKnownFileType = sourcecode.swift; path = SplashScreenViewController.swift; sourceTree = "<group>"; };
		908CFF7A2B50808B00661C96 /* SplashScreenViewController.xib */ = {isa = PBXFileReference; lastKnownFileType = file.xib; path = SplashScreenViewController.xib; sourceTree = "<group>"; };
		908CFF7D2B50C2FD00661C96 /* HomeScreenViewController.swift */ = {isa = PBXFileReference; lastKnownFileType = sourcecode.swift; path = HomeScreenViewController.swift; sourceTree = "<group>"; };
		908CFF7E2B50C2FD00661C96 /* HomeScreenViewController.xib */ = {isa = PBXFileReference; lastKnownFileType = file.xib; path = HomeScreenViewController.xib; sourceTree = "<group>"; };
		908CFF852B50DE7500661C96 /* GoogleService-Info.plist */ = {isa = PBXFileReference; fileEncoding = 4; lastKnownFileType = text.plist.xml; path = "GoogleService-Info.plist"; sourceTree = "<group>"; };
		909BF8E02AFB2BAB00F6927F /* OGMDB.app */ = {isa = PBXFileReference; explicitFileType = wrapper.application; includeInIndex = 0; path = OGMDB.app; sourceTree = BUILT_PRODUCTS_DIR; };
		909BF8E32AFB2BAB00F6927F /* AppDelegate.swift */ = {isa = PBXFileReference; lastKnownFileType = sourcecode.swift; path = AppDelegate.swift; sourceTree = "<group>"; };
		909BF8E52AFB2BAB00F6927F /* SceneDelegate.swift */ = {isa = PBXFileReference; lastKnownFileType = sourcecode.swift; path = SceneDelegate.swift; sourceTree = "<group>"; };
		909BF8EA2AFB2BAB00F6927F /* Base */ = {isa = PBXFileReference; lastKnownFileType = file.storyboard; name = Base; path = Base.lproj/Main.storyboard; sourceTree = "<group>"; };
		909BF8EC2AFB2BAC00F6927F /* Assets.xcassets */ = {isa = PBXFileReference; lastKnownFileType = folder.assetcatalog; path = Assets.xcassets; sourceTree = "<group>"; };
		909BF8EF2AFB2BAC00F6927F /* Base */ = {isa = PBXFileReference; lastKnownFileType = file.storyboard; name = Base; path = Base.lproj/LaunchScreen.storyboard; sourceTree = "<group>"; };
		909BF8F12AFB2BAC00F6927F /* Info.plist */ = {isa = PBXFileReference; lastKnownFileType = text.plist.xml; path = Info.plist; sourceTree = "<group>"; };
		90D77B3C2B6015DC004E86F1 /* MovieModel.swift */ = {isa = PBXFileReference; lastKnownFileType = sourcecode.swift; path = MovieModel.swift; sourceTree = "<group>"; };
		9E921CEA4AC5A382B79A0A1B /* Pods-OGMDB.debug.xcconfig */ = {isa = PBXFileReference; includeInIndex = 1; lastKnownFileType = text.xcconfig; name = "Pods-OGMDB.debug.xcconfig"; path = "Target Support Files/Pods-OGMDB/Pods-OGMDB.debug.xcconfig"; sourceTree = "<group>"; };
		A54907FC5671FE1F87151DF6 /* Pods_OGMDB.framework */ = {isa = PBXFileReference; explicitFileType = wrapper.framework; includeInIndex = 0; path = Pods_OGMDB.framework; sourceTree = BUILT_PRODUCTS_DIR; };
/* End PBXFileReference section */

/* Begin PBXFrameworksBuildPhase section */
		909BF8DD2AFB2BAB00F6927F /* Frameworks */ = {
			isa = PBXFrameworksBuildPhase;
			buildActionMask = 2147483647;
			files = (
				B9639E63534D4B0ACEC3119D /* Pods_OGMDB.framework in Frameworks */,
			);
			runOnlyForDeploymentPostprocessing = 0;
		};
/* End PBXFrameworksBuildPhase section */

/* Begin PBXGroup section */
		2AD5FFACECB589CB484572A6 /* Pods */ = {
			isa = PBXGroup;
			children = (
				9E921CEA4AC5A382B79A0A1B /* Pods-OGMDB.debug.xcconfig */,
				4400B2821AFDA76F26EF1FEF /* Pods-OGMDB.release.xcconfig */,
			);
			path = Pods;
			sourceTree = "<group>";
		};
		90368B022BE96B1F00BFF0B6 /* App */ = {
			isa = PBXGroup;
			children = (
				909BF8E32AFB2BAB00F6927F /* AppDelegate.swift */,
				909BF8EE2AFB2BAC00F6927F /* LaunchScreen.storyboard */,
				909BF8E92AFB2BAB00F6927F /* Main.storyboard */,
				909BF8E52AFB2BAB00F6927F /* SceneDelegate.swift */,
			);
			path = App;
			sourceTree = "<group>";
		};
		90368B032BE96B2A00BFF0B6 /* Resources */ = {
			isa = PBXGroup;
			children = (
				909BF8EC2AFB2BAC00F6927F /* Assets.xcassets */,
				909BF8F12AFB2BAC00F6927F /* Info.plist */,
				908CFF852B50DE7500661C96 /* GoogleService-Info.plist */,
			);
			path = Resources;
			sourceTree = "<group>";
		};
		905711F22C0E4885008730F5 /* Helper */ = {
			isa = PBXGroup;
			children = (
				905711F02C0E487C008730F5 /* Constants.swift */,
				905711F32C0E4965008730F5 /* UIViewController+Extension.swift */,
			);
			path = Helper;
			sourceTree = "<group>";
		};
		909BF8D72AFB2BAB00F6927F = {
			isa = PBXGroup;
			children = (
				909BF8E22AFB2BAB00F6927F /* OGMDB */,
				909BF8E12AFB2BAB00F6927F /* Products */,
				2AD5FFACECB589CB484572A6 /* Pods */,
				E9702A72D7E736EA3A199F62 /* Frameworks */,
			);
			sourceTree = "<group>";
		};
		909BF8E12AFB2BAB00F6927F /* Products */ = {
			isa = PBXGroup;
			children = (
				909BF8E02AFB2BAB00F6927F /* OGMDB.app */,
			);
			name = Products;
			sourceTree = "<group>";
		};
		909BF8E22AFB2BAB00F6927F /* OGMDB */ = {
			isa = PBXGroup;
			children = (
				905711F22C0E4885008730F5 /* Helper */,
				90368B022BE96B1F00BFF0B6 /* App */,
				90A077B92B54AA3600EF47B2 /* Model */,
				90A077BA2B54AA3D00EF47B2 /* View */,
				90A077BB2B54AA4300EF47B2 /* Controller */,
				90368B032BE96B2A00BFF0B6 /* Resources */,
			);
			path = OGMDB;
			sourceTree = "<group>";
		};
		90A077B92B54AA3600EF47B2 /* Model */ = {
			isa = PBXGroup;
			children = (
				90D77B3C2B6015DC004E86F1 /* MovieModel.swift */,
				9049C2052C933E860002E86E /* MovieModel.xcdatamodeld */,
				9049C2032C8765450002E86E /* CoreDataHelper.swift */,
			);
			path = Model;
			sourceTree = "<group>";
		};
		90A077BA2B54AA3D00EF47B2 /* View */ = {
			isa = PBXGroup;
			children = (
				906D78AE2BEA5B91002F9969 /* MovieCell.swift */,
				906D78AF2BEA5B91002F9969 /* MovieCell.xib */,
				9049C20C2C9882380002E86E /* NotificationCell.swift */,
				9049C2102C9883140002E86E /* NotificationCell.xib */,
			);
			path = View;
			sourceTree = "<group>";
		};
		90A077BB2B54AA4300EF47B2 /* Controller */ = {
			isa = PBXGroup;
			children = (
				9049C1D32C80857E0002E86E /* FavouriteScreenViewController.swift */,
				9049C1D42C80857E0002E86E /* FavouriteScreenViewController.xib */,
				908CFF7D2B50C2FD00661C96 /* HomeScreenViewController.swift */,
				908CFF7E2B50C2FD00661C96 /* HomeScreenViewController.xib */,
				90368B042BE96D7D00BFF0B6 /* MovieDetailViewController.swift */,
				90368B052BE96D7D00BFF0B6 /* MovieDetailViewController.xib */,
				908CFF792B50808B00661C96 /* SplashScreenViewController.swift */,
				908CFF7A2B50808B00661C96 /* SplashScreenViewController.xib */,
			);
			path = Controller;
			sourceTree = "<group>";
		};
		E9702A72D7E736EA3A199F62 /* Frameworks */ = {
			isa = PBXGroup;
			children = (
				A54907FC5671FE1F87151DF6 /* Pods_OGMDB.framework */,
			);
			name = Frameworks;
			sourceTree = "<group>";
		};
/* End PBXGroup section */

/* Begin PBXNativeTarget section */
		909BF8DF2AFB2BAB00F6927F /* OGMDB */ = {
			isa = PBXNativeTarget;
			buildConfigurationList = 909BF8F42AFB2BAC00F6927F /* Build configuration list for PBXNativeTarget "OGMDB" */;
			buildPhases = (
				BC9CD7253FAEB88375A999C0 /* [CP] Check Pods Manifest.lock */,
				909BF8DC2AFB2BAB00F6927F /* Sources */,
				909BF8DD2AFB2BAB00F6927F /* Frameworks */,
				909BF8DE2AFB2BAB00F6927F /* Resources */,
				1E2F58C317BFE34C0F2CEE65 /* [CP] Embed Pods Frameworks */,
			);
			buildRules = (
			);
			dependencies = (
			);
			name = OGMDB;
			productName = OGMDB;
			productReference = 909BF8E02AFB2BAB00F6927F /* OGMDB.app */;
			productType = "com.apple.product-type.application";
		};
/* End PBXNativeTarget section */

/* Begin PBXProject section */
		909BF8D82AFB2BAB00F6927F /* Project object */ = {
			isa = PBXProject;
			attributes = {
				BuildIndependentTargetsInParallel = 1;
				LastSwiftUpdateCheck = 1400;
				LastUpgradeCheck = 1400;
				TargetAttributes = {
					909BF8DF2AFB2BAB00F6927F = {
						CreatedOnToolsVersion = 14.0.1;
					};
				};
			};
			buildConfigurationList = 909BF8DB2AFB2BAB00F6927F /* Build configuration list for PBXProject "OGMDB" */;
			compatibilityVersion = "Xcode 14.0";
			developmentRegion = en;
			hasScannedForEncodings = 0;
			knownRegions = (
				en,
				Base,
			);
			mainGroup = 909BF8D72AFB2BAB00F6927F;
			productRefGroup = 909BF8E12AFB2BAB00F6927F /* Products */;
			projectDirPath = "";
			projectRoot = "";
			targets = (
				909BF8DF2AFB2BAB00F6927F /* OGMDB */,
			);
		};
/* End PBXProject section */

/* Begin PBXResourcesBuildPhase section */
		909BF8DE2AFB2BAB00F6927F /* Resources */ = {
			isa = PBXResourcesBuildPhase;
			buildActionMask = 2147483647;
			files = (
				90368B072BE96D7D00BFF0B6 /* MovieDetailViewController.xib in Resources */,
				909BF8F02AFB2BAC00F6927F /* LaunchScreen.storyboard in Resources */,
				908CFF7C2B50808B00661C96 /* SplashScreenViewController.xib in Resources */,
				90A077B52B54974200EF47B2 /* GoogleService-Info.plist in Resources */,
				908CFF802B50C2FD00661C96 /* HomeScreenViewController.xib in Resources */,
				909BF8ED2AFB2BAC00F6927F /* Assets.xcassets in Resources */,
				906D78B12BEA5B91002F9969 /* MovieCell.xib in Resources */,
				909BF8EB2AFB2BAB00F6927F /* Main.storyboard in Resources */,
				9049C2112C9883140002E86E /* NotificationCell.xib in Resources */,
				9049C1D62C80857E0002E86E /* FavouriteScreenViewController.xib in Resources */,
			);
			runOnlyForDeploymentPostprocessing = 0;
		};
/* End PBXResourcesBuildPhase section */

/* Begin PBXShellScriptBuildPhase section */
		1E2F58C317BFE34C0F2CEE65 /* [CP] Embed Pods Frameworks */ = {
			isa = PBXShellScriptBuildPhase;
			buildActionMask = 2147483647;
			files = (
			);
			inputFileListPaths = (
				"${PODS_ROOT}/Target Support Files/Pods-OGMDB/Pods-OGMDB-frameworks-${CONFIGURATION}-input-files.xcfilelist",
			);
			name = "[CP] Embed Pods Frameworks";
			outputFileListPaths = (
				"${PODS_ROOT}/Target Support Files/Pods-OGMDB/Pods-OGMDB-frameworks-${CONFIGURATION}-output-files.xcfilelist",
			);
			runOnlyForDeploymentPostprocessing = 0;
			shellPath = /bin/sh;
			shellScript = "\"${PODS_ROOT}/Target Support Files/Pods-OGMDB/Pods-OGMDB-frameworks.sh\"\n";
			showEnvVarsInLog = 0;
		};
		BC9CD7253FAEB88375A999C0 /* [CP] Check Pods Manifest.lock */ = {
			isa = PBXShellScriptBuildPhase;
			buildActionMask = 2147483647;
			files = (
			);
			inputFileListPaths = (
			);
			inputPaths = (
				"${PODS_PODFILE_DIR_PATH}/Podfile.lock",
				"${PODS_ROOT}/Manifest.lock",
			);
			name = "[CP] Check Pods Manifest.lock";
			outputFileListPaths = (
			);
			outputPaths = (
				"$(DERIVED_FILE_DIR)/Pods-OGMDB-checkManifestLockResult.txt",
			);
			runOnlyForDeploymentPostprocessing = 0;
			shellPath = /bin/sh;
			shellScript = "diff \"${PODS_PODFILE_DIR_PATH}/Podfile.lock\" \"${PODS_ROOT}/Manifest.lock\" > /dev/null\nif [ $? != 0 ] ; then\n    # print error to STDERR\n    echo \"error: The sandbox is not in sync with the Podfile.lock. Run 'pod install' or update your CocoaPods installation.\" >&2\n    exit 1\nfi\n# This output is used by Xcode 'outputs' to avoid re-running this script phase.\necho \"SUCCESS\" > \"${SCRIPT_OUTPUT_FILE_0}\"\n";
			showEnvVarsInLog = 0;
		};
/* End PBXShellScriptBuildPhase section */

/* Begin PBXSourcesBuildPhase section */
		909BF8DC2AFB2BAB00F6927F /* Sources */ = {
			isa = PBXSourcesBuildPhase;
			buildActionMask = 2147483647;
			files = (
				905711F42C0E4965008730F5 /* UIViewController+Extension.swift in Sources */,
				90D77B3D2B6015DC004E86F1 /* MovieModel.swift in Sources */,
				909BF8E42AFB2BAB00F6927F /* AppDelegate.swift in Sources */,
				906D78B02BEA5B91002F9969 /* MovieCell.swift in Sources */,
				9049C20D2C9882380002E86E /* NotificationCell.swift in Sources */,
				9049C2072C933E860002E86E /* MovieModel.xcdatamodeld in Sources */,
				908CFF7B2B50808B00661C96 /* SplashScreenViewController.swift in Sources */,
				90368B062BE96D7D00BFF0B6 /* MovieDetailViewController.swift in Sources */,
				9049C2042C8765450002E86E /* CoreDataHelper.swift in Sources */,
				909BF8E62AFB2BAB00F6927F /* SceneDelegate.swift in Sources */,
				908CFF7F2B50C2FD00661C96 /* HomeScreenViewController.swift in Sources */,
				9049C1D52C80857E0002E86E /* FavouriteScreenViewController.swift in Sources */,
				905711F12C0E487C008730F5 /* Constants.swift in Sources */,
			);
			runOnlyForDeploymentPostprocessing = 0;
		};
/* End PBXSourcesBuildPhase section */

/* Begin PBXVariantGroup section */
		909BF8E92AFB2BAB00F6927F /* Main.storyboard */ = {
			isa = PBXVariantGroup;
			children = (
				909BF8EA2AFB2BAB00F6927F /* Base */,
			);
			name = Main.storyboard;
			sourceTree = "<group>";
		};
		909BF8EE2AFB2BAC00F6927F /* LaunchScreen.storyboard */ = {
			isa = PBXVariantGroup;
			children = (
				909BF8EF2AFB2BAC00F6927F /* Base */,
			);
			name = LaunchScreen.storyboard;
			sourceTree = "<group>";
		};
/* End PBXVariantGroup section */

/* Begin XCBuildConfiguration section */
		909BF8F22AFB2BAC00F6927F /* Debug */ = {
			isa = XCBuildConfiguration;
			buildSettings = {
				ALWAYS_SEARCH_USER_PATHS = NO;
				CLANG_ANALYZER_NONNULL = YES;
				CLANG_ANALYZER_NUMBER_OBJECT_CONVERSION = YES_AGGRESSIVE;
				CLANG_CXX_LANGUAGE_STANDARD = "gnu++20";
				CLANG_ENABLE_MODULES = YES;
				CLANG_ENABLE_OBJC_ARC = YES;
				CLANG_ENABLE_OBJC_WEAK = YES;
				CLANG_WARN_BLOCK_CAPTURE_AUTORELEASING = YES;
				CLANG_WARN_BOOL_CONVERSION = YES;
				CLANG_WARN_COMMA = YES;
				CLANG_WARN_CONSTANT_CONVERSION = YES;
				CLANG_WARN_DEPRECATED_OBJC_IMPLEMENTATIONS = YES;
				CLANG_WARN_DIRECT_OBJC_ISA_USAGE = YES_ERROR;
				CLANG_WARN_DOCUMENTATION_COMMENTS = YES;
				CLANG_WARN_EMPTY_BODY = YES;
				CLANG_WARN_ENUM_CONVERSION = YES;
				CLANG_WARN_INFINITE_RECURSION = YES;
				CLANG_WARN_INT_CONVERSION = YES;
				CLANG_WARN_NON_LITERAL_NULL_CONVERSION = YES;
				CLANG_WARN_OBJC_IMPLICIT_RETAIN_SELF = YES;
				CLANG_WARN_OBJC_LITERAL_CONVERSION = YES;
				CLANG_WARN_OBJC_ROOT_CLASS = YES_ERROR;
				CLANG_WARN_QUOTED_INCLUDE_IN_FRAMEWORK_HEADER = YES;
				CLANG_WARN_RANGE_LOOP_ANALYSIS = YES;
				CLANG_WARN_STRICT_PROTOTYPES = YES;
				CLANG_WARN_SUSPICIOUS_MOVE = YES;
				CLANG_WARN_UNGUARDED_AVAILABILITY = YES_AGGRESSIVE;
				CLANG_WARN_UNREACHABLE_CODE = YES;
				CLANG_WARN__DUPLICATE_METHOD_MATCH = YES;
				COPY_PHASE_STRIP = NO;
				DEBUG_INFORMATION_FORMAT = dwarf;
				ENABLE_STRICT_OBJC_MSGSEND = YES;
				ENABLE_TESTABILITY = YES;
				GCC_C_LANGUAGE_STANDARD = gnu11;
				GCC_DYNAMIC_NO_PIC = NO;
				GCC_NO_COMMON_BLOCKS = YES;
				GCC_OPTIMIZATION_LEVEL = 0;
				GCC_PREPROCESSOR_DEFINITIONS = (
					"DEBUG=1",
					"$(inherited)",
				);
				GCC_WARN_64_TO_32_BIT_CONVERSION = YES;
				GCC_WARN_ABOUT_RETURN_TYPE = YES_ERROR;
				GCC_WARN_UNDECLARED_SELECTOR = YES;
				GCC_WARN_UNINITIALIZED_AUTOS = YES_AGGRESSIVE;
				GCC_WARN_UNUSED_FUNCTION = YES;
				GCC_WARN_UNUSED_VARIABLE = YES;
				IPHONEOS_DEPLOYMENT_TARGET = 16.0;
				MTL_ENABLE_DEBUG_INFO = INCLUDE_SOURCE;
				MTL_FAST_MATH = YES;
				ONLY_ACTIVE_ARCH = YES;
				SDKROOT = iphoneos;
				SWIFT_ACTIVE_COMPILATION_CONDITIONS = DEBUG;
				SWIFT_OPTIMIZATION_LEVEL = "-Onone";
			};
			name = Debug;
		};
		909BF8F32AFB2BAC00F6927F /* Release */ = {
			isa = XCBuildConfiguration;
			buildSettings = {
				ALWAYS_SEARCH_USER_PATHS = NO;
				CLANG_ANALYZER_NONNULL = YES;
				CLANG_ANALYZER_NUMBER_OBJECT_CONVERSION = YES_AGGRESSIVE;
				CLANG_CXX_LANGUAGE_STANDARD = "gnu++20";
				CLANG_ENABLE_MODULES = YES;
				CLANG_ENABLE_OBJC_ARC = YES;
				CLANG_ENABLE_OBJC_WEAK = YES;
				CLANG_WARN_BLOCK_CAPTURE_AUTORELEASING = YES;
				CLANG_WARN_BOOL_CONVERSION = YES;
				CLANG_WARN_COMMA = YES;
				CLANG_WARN_CONSTANT_CONVERSION = YES;
				CLANG_WARN_DEPRECATED_OBJC_IMPLEMENTATIONS = YES;
				CLANG_WARN_DIRECT_OBJC_ISA_USAGE = YES_ERROR;
				CLANG_WARN_DOCUMENTATION_COMMENTS = YES;
				CLANG_WARN_EMPTY_BODY = YES;
				CLANG_WARN_ENUM_CONVERSION = YES;
				CLANG_WARN_INFINITE_RECURSION = YES;
				CLANG_WARN_INT_CONVERSION = YES;
				CLANG_WARN_NON_LITERAL_NULL_CONVERSION = YES;
				CLANG_WARN_OBJC_IMPLICIT_RETAIN_SELF = YES;
				CLANG_WARN_OBJC_LITERAL_CONVERSION = YES;
				CLANG_WARN_OBJC_ROOT_CLASS = YES_ERROR;
				CLANG_WARN_QUOTED_INCLUDE_IN_FRAMEWORK_HEADER = YES;
				CLANG_WARN_RANGE_LOOP_ANALYSIS = YES;
				CLANG_WARN_STRICT_PROTOTYPES = YES;
				CLANG_WARN_SUSPICIOUS_MOVE = YES;
				CLANG_WARN_UNGUARDED_AVAILABILITY = YES_AGGRESSIVE;
				CLANG_WARN_UNREACHABLE_CODE = YES;
				CLANG_WARN__DUPLICATE_METHOD_MATCH = YES;
				COPY_PHASE_STRIP = NO;
				DEBUG_INFORMATION_FORMAT = "dwarf-with-dsym";
				ENABLE_NS_ASSERTIONS = NO;
				ENABLE_STRICT_OBJC_MSGSEND = YES;
				GCC_C_LANGUAGE_STANDARD = gnu11;
				GCC_NO_COMMON_BLOCKS = YES;
				GCC_WARN_64_TO_32_BIT_CONVERSION = YES;
				GCC_WARN_ABOUT_RETURN_TYPE = YES_ERROR;
				GCC_WARN_UNDECLARED_SELECTOR = YES;
				GCC_WARN_UNINITIALIZED_AUTOS = YES_AGGRESSIVE;
				GCC_WARN_UNUSED_FUNCTION = YES;
				GCC_WARN_UNUSED_VARIABLE = YES;
				IPHONEOS_DEPLOYMENT_TARGET = 16.0;
				MTL_ENABLE_DEBUG_INFO = NO;
				MTL_FAST_MATH = YES;
				SDKROOT = iphoneos;
				SWIFT_COMPILATION_MODE = wholemodule;
				SWIFT_OPTIMIZATION_LEVEL = "-O";
				VALIDATE_PRODUCT = YES;
			};
			name = Release;
		};
		909BF8F52AFB2BAC00F6927F /* Debug */ = {
			isa = XCBuildConfiguration;
			baseConfigurationReference = 9E921CEA4AC5A382B79A0A1B /* Pods-OGMDB.debug.xcconfig */;
			buildSettings = {
				ARCHS = "$(ARCHS_STANDARD)";
				ASSETCATALOG_COMPILER_APPICON_NAME = AppIcon;
				ASSETCATALOG_COMPILER_GLOBAL_ACCENT_COLOR_NAME = AccentColor;
				CODE_SIGN_STYLE = Automatic;
				CURRENT_PROJECT_VERSION = 1;
				DEVELOPMENT_TEAM = TX4ZV535BB;
				GENERATE_INFOPLIST_FILE = YES;
				INFOPLIST_FILE = OGMDB/Resources/Info.plist;
				INFOPLIST_KEY_UIApplicationSupportsIndirectInputEvents = YES;
				INFOPLIST_KEY_UILaunchStoryboardName = LaunchScreen;
				INFOPLIST_KEY_UIMainStoryboardFile = Main;
				INFOPLIST_KEY_UISupportedInterfaceOrientations_iPad = "UIInterfaceOrientationPortrait UIInterfaceOrientationPortraitUpsideDown UIInterfaceOrientationLandscapeLeft UIInterfaceOrientationLandscapeRight";
				INFOPLIST_KEY_UISupportedInterfaceOrientations_iPhone = "UIInterfaceOrientationPortrait UIInterfaceOrientationLandscapeLeft UIInterfaceOrientationLandscapeRight";
				LD_RUNPATH_SEARCH_PATHS = (
					"$(inherited)",
					"@executable_path/Frameworks",
				);
				MARKETING_VERSION = 1.0;
				PRODUCT_BUNDLE_IDENTIFIER = com.ogulcantmy.OGMDB;
				PRODUCT_NAME = "$(TARGET_NAME)";
				SWIFT_EMIT_LOC_STRINGS = YES;
				SWIFT_VERSION = 5.0;
				TARGETED_DEVICE_FAMILY = "1,2";
			};
			name = Debug;
		};
		909BF8F62AFB2BAC00F6927F /* Release */ = {
			isa = XCBuildConfiguration;
			baseConfigurationReference = 4400B2821AFDA76F26EF1FEF /* Pods-OGMDB.release.xcconfig */;
			buildSettings = {
				ARCHS = "$(ARCHS_STANDARD)";
				ASSETCATALOG_COMPILER_APPICON_NAME = AppIcon;
				ASSETCATALOG_COMPILER_GLOBAL_ACCENT_COLOR_NAME = AccentColor;
				CODE_SIGN_STYLE = Automatic;
				CURRENT_PROJECT_VERSION = 1;
				DEVELOPMENT_TEAM = TX4ZV535BB;
				GENERATE_INFOPLIST_FILE = YES;
				INFOPLIST_FILE = OGMDB/Resources/Info.plist;
				INFOPLIST_KEY_UIApplicationSupportsIndirectInputEvents = YES;
				INFOPLIST_KEY_UILaunchStoryboardName = LaunchScreen;
				INFOPLIST_KEY_UIMainStoryboardFile = Main;
				INFOPLIST_KEY_UISupportedInterfaceOrientations_iPad = "UIInterfaceOrientationPortrait UIInterfaceOrientationPortraitUpsideDown UIInterfaceOrientationLandscapeLeft UIInterfaceOrientationLandscapeRight";
				INFOPLIST_KEY_UISupportedInterfaceOrientations_iPhone = "UIInterfaceOrientationPortrait UIInterfaceOrientationLandscapeLeft UIInterfaceOrientationLandscapeRight";
				LD_RUNPATH_SEARCH_PATHS = (
					"$(inherited)",
					"@executable_path/Frameworks",
				);
				MARKETING_VERSION = 1.0;
				PRODUCT_BUNDLE_IDENTIFIER = com.ogulcantmy.OGMDB;
				PRODUCT_NAME = "$(TARGET_NAME)";
				SWIFT_EMIT_LOC_STRINGS = YES;
				SWIFT_VERSION = 5.0;
				TARGETED_DEVICE_FAMILY = "1,2";
			};
			name = Release;
		};
/* End XCBuildConfiguration section */

/* Begin XCConfigurationList section */
		909BF8DB2AFB2BAB00F6927F /* Build configuration list for PBXProject "OGMDB" */ = {
			isa = XCConfigurationList;
			buildConfigurations = (
				909BF8F22AFB2BAC00F6927F /* Debug */,
				909BF8F32AFB2BAC00F6927F /* Release */,
			);
			defaultConfigurationIsVisible = 0;
			defaultConfigurationName = Release;
		};
		909BF8F42AFB2BAC00F6927F /* Build configuration list for PBXNativeTarget "OGMDB" */ = {
			isa = XCConfigurationList;
			buildConfigurations = (
				909BF8F52AFB2BAC00F6927F /* Debug */,
				909BF8F62AFB2BAC00F6927F /* Release */,
			);
			defaultConfigurationIsVisible = 0;
			defaultConfigurationName = Release;
		};
/* End XCConfigurationList section */

/* Begin XCVersionGroup section */
		9049C2052C933E860002E86E /* MovieModel.xcdatamodeld */ = {
			isa = XCVersionGroup;
			children = (
				9049C2062C933E860002E86E /* MovieModel.xcdatamodel */,
			);
			currentVersion = 9049C2062C933E860002E86E /* MovieModel.xcdatamodel */;
			path = MovieModel.xcdatamodeld;
			sourceTree = "<group>";
			versionGroupType = wrapper.xcdatamodel;
		};
/* End XCVersionGroup section */
	};
	rootObject = 909BF8D82AFB2BAB00F6927F /* Project object */;
}
